// !$*UTF8*$!
{
	archiveVersion = 1;
	classes = {
	};
	objectVersion = 50;
	objects = {

/* Begin PBXBuildFile section */
		9E5A8C4E25532FE0000673FD /* PointOfInterest.swift in Sources */ = {isa = PBXBuildFile; fileRef = 9E5A8C4D25532FE0000673FD /* PointOfInterest.swift */; };
		9E93272425892853004181E1 /* PlantsDetailedViewController.swift in Sources */ = {isa = PBXBuildFile; fileRef = 9E93272225892853004181E1 /* PlantsDetailedViewController.swift */; };
		9E93272525892853004181E1 /* PlantsViewControllers.swift in Sources */ = {isa = PBXBuildFile; fileRef = 9E93272325892853004181E1 /* PlantsViewControllers.swift */; };
		9E93272B2589285D004181E1 /* LoadingCell.xib in Resources */ = {isa = PBXBuildFile; fileRef = 9E9327292589285D004181E1 /* LoadingCell.xib */; };
		9E93272C2589285D004181E1 /* Plants.storyboard in Resources */ = {isa = PBXBuildFile; fileRef = 9E93272A2589285D004181E1 /* Plants.storyboard */; };
		9E93273325892865004181E1 /* CustomTableViewCell.swift in Sources */ = {isa = PBXBuildFile; fileRef = 9E93273125892865004181E1 /* CustomTableViewCell.swift */; };
		9E93273425892865004181E1 /* LoadingCell.swift in Sources */ = {isa = PBXBuildFile; fileRef = 9E93273225892865004181E1 /* LoadingCell.swift */; };
		9E93273A2589286F004181E1 /* ImageDownload.swift in Sources */ = {isa = PBXBuildFile; fileRef = 9E9327392589286F004181E1 /* ImageDownload.swift */; };
		9E93273F25892877004181E1 /* Plants.swift in Sources */ = {isa = PBXBuildFile; fileRef = 9E93273E25892877004181E1 /* Plants.swift */; };
		9E9EF11B2542137100A1C1B4 /* AppDelegate.swift in Sources */ = {isa = PBXBuildFile; fileRef = 9E9EF1182542137100A1C1B4 /* AppDelegate.swift */; };
		9E9EF11C2542137100A1C1B4 /* SceneDelegate.swift in Sources */ = {isa = PBXBuildFile; fileRef = 9E9EF1192542137100A1C1B4 /* SceneDelegate.swift */; };
		9E9EF11D2542137100A1C1B4 /* Assets.xcassets in Resources */ = {isa = PBXBuildFile; fileRef = 9E9EF11A2542137100A1C1B4 /* Assets.xcassets */; };
		9E9EF1292542138500A1C1B4 /* LaunchScreen.storyboard in Resources */ = {isa = PBXBuildFile; fileRef = 9E9EF1252542138500A1C1B4 /* LaunchScreen.storyboard */; };
		9E9EF12A2542138500A1C1B4 /* Main.storyboard in Resources */ = {isa = PBXBuildFile; fileRef = 9E9EF1272542138500A1C1B4 /* Main.storyboard */; };
		9EA04D66255C4DDE00F398AB /* CameraViewController.swift in Sources */ = {isa = PBXBuildFile; fileRef = 9EA04D65255C4DDE00F398AB /* CameraViewController.swift */; };
		C7421833255D50D100557BE2 /* PointOfInterestViewController.swift in Sources */ = {isa = PBXBuildFile; fileRef = C7421832255D50D100557BE2 /* PointOfInterestViewController.swift */; };
		C7C7C886258909450000581B /* POI.storyboard in Resources */ = {isa = PBXBuildFile; fileRef = C7C7C885258909450000581B /* POI.storyboard */; };
/* End PBXBuildFile section */

/* Begin PBXContainerItemProxy section */
		C74EB43B252A2DD700CAC644 /* PBXContainerItemProxy */ = {
			isa = PBXContainerItemProxy;
			containerPortal = C74EB41C252A2DD600CAC644 /* Project object */;
			proxyType = 1;
			remoteGlobalIDString = C74EB423252A2DD600CAC644;
			remoteInfo = "nature-logger";
		};
		C74EB446252A2DD700CAC644 /* PBXContainerItemProxy */ = {
			isa = PBXContainerItemProxy;
			containerPortal = C74EB41C252A2DD600CAC644 /* Project object */;
			proxyType = 1;
			remoteGlobalIDString = C74EB423252A2DD600CAC644;
			remoteInfo = "nature-logger";
		};
/* End PBXContainerItemProxy section */

/* Begin PBXFileReference section */
		9E5A8C4D25532FE0000673FD /* PointOfInterest.swift */ = {isa = PBXFileReference; lastKnownFileType = sourcecode.swift; path = PointOfInterest.swift; sourceTree = "<group>"; };
		9E93272225892853004181E1 /* PlantsDetailedViewController.swift */ = {isa = PBXFileReference; fileEncoding = 4; lastKnownFileType = sourcecode.swift; path = PlantsDetailedViewController.swift; sourceTree = "<group>"; };
		9E93272325892853004181E1 /* PlantsViewControllers.swift */ = {isa = PBXFileReference; fileEncoding = 4; lastKnownFileType = sourcecode.swift; path = PlantsViewControllers.swift; sourceTree = "<group>"; };
		9E9327292589285D004181E1 /* LoadingCell.xib */ = {isa = PBXFileReference; fileEncoding = 4; lastKnownFileType = file.xib; path = LoadingCell.xib; sourceTree = "<group>"; };
		9E93272A2589285D004181E1 /* Plants.storyboard */ = {isa = PBXFileReference; fileEncoding = 4; lastKnownFileType = file.storyboard; path = Plants.storyboard; sourceTree = "<group>"; };
		9E93273125892865004181E1 /* CustomTableViewCell.swift */ = {isa = PBXFileReference; fileEncoding = 4; lastKnownFileType = sourcecode.swift; path = CustomTableViewCell.swift; sourceTree = "<group>"; };
		9E93273225892865004181E1 /* LoadingCell.swift */ = {isa = PBXFileReference; fileEncoding = 4; lastKnownFileType = sourcecode.swift; path = LoadingCell.swift; sourceTree = "<group>"; };
		9E9327392589286F004181E1 /* ImageDownload.swift */ = {isa = PBXFileReference; fileEncoding = 4; lastKnownFileType = sourcecode.swift; path = ImageDownload.swift; sourceTree = "<group>"; };
		9E93273E25892877004181E1 /* Plants.swift */ = {isa = PBXFileReference; fileEncoding = 4; lastKnownFileType = sourcecode.swift; path = Plants.swift; sourceTree = "<group>"; };
		9E9EF1182542137100A1C1B4 /* AppDelegate.swift */ = {isa = PBXFileReference; fileEncoding = 4; lastKnownFileType = sourcecode.swift; path = AppDelegate.swift; sourceTree = "<group>"; };
		9E9EF1192542137100A1C1B4 /* SceneDelegate.swift */ = {isa = PBXFileReference; fileEncoding = 4; lastKnownFileType = sourcecode.swift; path = SceneDelegate.swift; sourceTree = "<group>"; };
		9E9EF11A2542137100A1C1B4 /* Assets.xcassets */ = {isa = PBXFileReference; lastKnownFileType = folder.assetcatalog; path = Assets.xcassets; sourceTree = "<group>"; };
		9E9EF1262542138500A1C1B4 /* Base */ = {isa = PBXFileReference; lastKnownFileType = file.storyboard; name = Base; path = Base.lproj/LaunchScreen.storyboard; sourceTree = "<group>"; };
		9E9EF1282542138500A1C1B4 /* Base */ = {isa = PBXFileReference; lastKnownFileType = file.storyboard; name = Base; path = Base.lproj/Main.storyboard; sourceTree = "<group>"; };
		9EA04D65255C4DDE00F398AB /* CameraViewController.swift */ = {isa = PBXFileReference; lastKnownFileType = sourcecode.swift; path = CameraViewController.swift; sourceTree = "<group>"; };
		C7421832255D50D100557BE2 /* PointOfInterestViewController.swift */ = {isa = PBXFileReference; lastKnownFileType = sourcecode.swift; path = PointOfInterestViewController.swift; sourceTree = "<group>"; };
		C74EB424252A2DD600CAC644 /* nature-logger.app */ = {isa = PBXFileReference; explicitFileType = wrapper.application; includeInIndex = 0; path = "nature-logger.app"; sourceTree = BUILT_PRODUCTS_DIR; };
		C74EB435252A2DD700CAC644 /* Info.plist */ = {isa = PBXFileReference; lastKnownFileType = text.plist.xml; path = Info.plist; sourceTree = "<group>"; };
		C74EB43A252A2DD700CAC644 /* nature-loggerTests.xctest */ = {isa = PBXFileReference; explicitFileType = wrapper.cfbundle; includeInIndex = 0; path = "nature-loggerTests.xctest"; sourceTree = BUILT_PRODUCTS_DIR; };
		C74EB445252A2DD700CAC644 /* nature-loggerUITests.xctest */ = {isa = PBXFileReference; explicitFileType = wrapper.cfbundle; includeInIndex = 0; path = "nature-loggerUITests.xctest"; sourceTree = BUILT_PRODUCTS_DIR; };
		C7C7C885258909450000581B /* POI.storyboard */ = {isa = PBXFileReference; fileEncoding = 4; lastKnownFileType = file.storyboard; path = POI.storyboard; sourceTree = "<group>"; };
/* End PBXFileReference section */

/* Begin PBXFrameworksBuildPhase section */
		C74EB421252A2DD600CAC644 /* Frameworks */ = {
			isa = PBXFrameworksBuildPhase;
			buildActionMask = 2147483647;
			files = (
			);
			runOnlyForDeploymentPostprocessing = 0;
		};
		C74EB437252A2DD700CAC644 /* Frameworks */ = {
			isa = PBXFrameworksBuildPhase;
			buildActionMask = 2147483647;
			files = (
			);
			runOnlyForDeploymentPostprocessing = 0;
		};
		C74EB442252A2DD700CAC644 /* Frameworks */ = {
			isa = PBXFrameworksBuildPhase;
			buildActionMask = 2147483647;
			files = (
			);
			runOnlyForDeploymentPostprocessing = 0;
		};
/* End PBXFrameworksBuildPhase section */

/* Begin PBXGroup section */
		9E93273025892865004181E1 /* Cells */ = {
			isa = PBXGroup;
			children = (
				9E93273125892865004181E1 /* CustomTableViewCell.swift */,
				9E93273225892865004181E1 /* LoadingCell.swift */,
			);
			path = Cells;
			sourceTree = "<group>";
		};
		9E9327382589286F004181E1 /* Utils */ = {
			isa = PBXGroup;
			children = (
				9E9327392589286F004181E1 /* ImageDownload.swift */,
			);
			path = Utils;
			sourceTree = "<group>";
		};
		9E9EF10E2542133E00A1C1B4 /* Controllers */ = {
			isa = PBXGroup;
			children = (
				9E93272225892853004181E1 /* PlantsDetailedViewController.swift */,
				9E93272325892853004181E1 /* PlantsViewControllers.swift */,
				9EA04D65255C4DDE00F398AB /* CameraViewController.swift */,
				C7421832255D50D100557BE2 /* PointOfInterestViewController.swift */,
			);
			path = Controllers;
			sourceTree = "<group>";
		};
		9E9EF1172542136400A1C1B4 /* Supporting files */ = {
			isa = PBXGroup;
			children = (
				9E9EF1182542137100A1C1B4 /* AppDelegate.swift */,
				9E9EF11A2542137100A1C1B4 /* Assets.xcassets */,
				9E9EF1192542137100A1C1B4 /* SceneDelegate.swift */,
			);
			path = "Supporting files";
			sourceTree = "<group>";
		};
		9E9EF1242542138500A1C1B4 /* Views */ = {
			isa = PBXGroup;
			children = (
				9E9327292589285D004181E1 /* LoadingCell.xib */,
				9E93272A2589285D004181E1 /* Plants.storyboard */,
				C7C7C885258909450000581B /* POI.storyboard */,
				9E9EF1252542138500A1C1B4 /* LaunchScreen.storyboard */,
				9E9EF1272542138500A1C1B4 /* Main.storyboard */,
			);
			path = Views;
			sourceTree = "<group>";
		};
		9E9EF12E2542141600A1C1B4 /* Models */ = {
			isa = PBXGroup;
			children = (
				9E93273E25892877004181E1 /* Plants.swift */,
				9E5A8C4D25532FE0000673FD /* PointOfInterest.swift */,
			);
			path = Models;
			sourceTree = "<group>";
		};
		C74EB41B252A2DD600CAC644 = {
			isa = PBXGroup;
			children = (
				C74EB426252A2DD600CAC644 /* nature-logger */,
				C74EB425252A2DD600CAC644 /* Products */,
			);
			sourceTree = "<group>";
		};
		C74EB425252A2DD600CAC644 /* Products */ = {
			isa = PBXGroup;
			children = (
				C74EB424252A2DD600CAC644 /* nature-logger.app */,
				C74EB43A252A2DD700CAC644 /* nature-loggerTests.xctest */,
				C74EB445252A2DD700CAC644 /* nature-loggerUITests.xctest */,
			);
			name = Products;
			sourceTree = "<group>";
		};
		C74EB426252A2DD600CAC644 /* nature-logger */ = {
			isa = PBXGroup;
			children = (
				9E9327382589286F004181E1 /* Utils */,
				9E93273025892865004181E1 /* Cells */,
				9E9EF12E2542141600A1C1B4 /* Models */,
				9E9EF1242542138500A1C1B4 /* Views */,
				9E9EF1172542136400A1C1B4 /* Supporting files */,
				9E9EF10E2542133E00A1C1B4 /* Controllers */,
				C74EB435252A2DD700CAC644 /* Info.plist */,
			);
			path = "nature-logger";
			sourceTree = "<group>";
		};
/* End PBXGroup section */

/* Begin PBXNativeTarget section */
		C74EB423252A2DD600CAC644 /* nature-logger */ = {
			isa = PBXNativeTarget;
			buildConfigurationList = C74EB44E252A2DD700CAC644 /* Build configuration list for PBXNativeTarget "nature-logger" */;
			buildPhases = (
				C74EB420252A2DD600CAC644 /* Sources */,
				C74EB421252A2DD600CAC644 /* Frameworks */,
				C74EB422252A2DD600CAC644 /* Resources */,
			);
			buildRules = (
			);
			dependencies = (
			);
			name = "nature-logger";
			productName = "nature-logger";
			productReference = C74EB424252A2DD600CAC644 /* nature-logger.app */;
			productType = "com.apple.product-type.application";
		};
		C74EB439252A2DD700CAC644 /* nature-loggerTests */ = {
			isa = PBXNativeTarget;
			buildConfigurationList = C74EB451252A2DD700CAC644 /* Build configuration list for PBXNativeTarget "nature-loggerTests" */;
			buildPhases = (
				C74EB436252A2DD700CAC644 /* Sources */,
				C74EB437252A2DD700CAC644 /* Frameworks */,
				C74EB438252A2DD700CAC644 /* Resources */,
			);
			buildRules = (
			);
			dependencies = (
				C74EB43C252A2DD700CAC644 /* PBXTargetDependency */,
			);
			name = "nature-loggerTests";
			productName = "nature-loggerTests";
			productReference = C74EB43A252A2DD700CAC644 /* nature-loggerTests.xctest */;
			productType = "com.apple.product-type.bundle.unit-test";
		};
		C74EB444252A2DD700CAC644 /* nature-loggerUITests */ = {
			isa = PBXNativeTarget;
			buildConfigurationList = C74EB454252A2DD700CAC644 /* Build configuration list for PBXNativeTarget "nature-loggerUITests" */;
			buildPhases = (
				C74EB441252A2DD700CAC644 /* Sources */,
				C74EB442252A2DD700CAC644 /* Frameworks */,
				C74EB443252A2DD700CAC644 /* Resources */,
			);
			buildRules = (
			);
			dependencies = (
				C74EB447252A2DD700CAC644 /* PBXTargetDependency */,
			);
			name = "nature-loggerUITests";
			productName = "nature-loggerUITests";
			productReference = C74EB445252A2DD700CAC644 /* nature-loggerUITests.xctest */;
			productType = "com.apple.product-type.bundle.ui-testing";
		};
/* End PBXNativeTarget section */

/* Begin PBXProject section */
		C74EB41C252A2DD600CAC644 /* Project object */ = {
			isa = PBXProject;
			attributes = {
				LastSwiftUpdateCheck = 1170;
				LastUpgradeCheck = 1210;
				ORGANIZATIONNAME = "Syddansk Universitet";
				TargetAttributes = {
					C74EB423252A2DD600CAC644 = {
						CreatedOnToolsVersion = 11.7;
					};
					C74EB439252A2DD700CAC644 = {
						CreatedOnToolsVersion = 11.7;
						TestTargetID = C74EB423252A2DD600CAC644;
					};
					C74EB444252A2DD700CAC644 = {
						CreatedOnToolsVersion = 11.7;
						TestTargetID = C74EB423252A2DD600CAC644;
					};
				};
			};
			buildConfigurationList = C74EB41F252A2DD600CAC644 /* Build configuration list for PBXProject "nature-logger" */;
			compatibilityVersion = "Xcode 9.3";
			developmentRegion = en;
			hasScannedForEncodings = 0;
			knownRegions = (
				en,
				Base,
			);
			mainGroup = C74EB41B252A2DD600CAC644;
			productRefGroup = C74EB425252A2DD600CAC644 /* Products */;
			projectDirPath = "";
			projectRoot = "";
			targets = (
				C74EB423252A2DD600CAC644 /* nature-logger */,
				C74EB439252A2DD700CAC644 /* nature-loggerTests */,
				C74EB444252A2DD700CAC644 /* nature-loggerUITests */,
			);
		};
/* End PBXProject section */

/* Begin PBXResourcesBuildPhase section */
		C74EB422252A2DD600CAC644 /* Resources */ = {
			isa = PBXResourcesBuildPhase;
			buildActionMask = 2147483647;
			files = (
				9E9EF12A2542138500A1C1B4 /* Main.storyboard in Resources */,
				C7C7C886258909450000581B /* POI.storyboard in Resources */,
				9E9EF11D2542137100A1C1B4 /* Assets.xcassets in Resources */,
				9E93272B2589285D004181E1 /* LoadingCell.xib in Resources */,
				9E93272C2589285D004181E1 /* Plants.storyboard in Resources */,
				9E9EF1292542138500A1C1B4 /* LaunchScreen.storyboard in Resources */,
			);
			runOnlyForDeploymentPostprocessing = 0;
		};
		C74EB438252A2DD700CAC644 /* Resources */ = {
			isa = PBXResourcesBuildPhase;
			buildActionMask = 2147483647;
			files = (
			);
			runOnlyForDeploymentPostprocessing = 0;
		};
		C74EB443252A2DD700CAC644 /* Resources */ = {
			isa = PBXResourcesBuildPhase;
			buildActionMask = 2147483647;
			files = (
			);
			runOnlyForDeploymentPostprocessing = 0;
		};
/* End PBXResourcesBuildPhase section */

/* Begin PBXSourcesBuildPhase section */
		C74EB420252A2DD600CAC644 /* Sources */ = {
			isa = PBXSourcesBuildPhase;
			buildActionMask = 2147483647;
			files = (
				9E5A8C4E25532FE0000673FD /* PointOfInterest.swift in Sources */,
				9E93272525892853004181E1 /* PlantsViewControllers.swift in Sources */,
				9E93273325892865004181E1 /* CustomTableViewCell.swift in Sources */,
				9EA04D66255C4DDE00F398AB /* CameraViewController.swift in Sources */,
				9E93272425892853004181E1 /* PlantsDetailedViewController.swift in Sources */,
				9E93273A2589286F004181E1 /* ImageDownload.swift in Sources */,
				9E93273F25892877004181E1 /* Plants.swift in Sources */,
				9E9EF11B2542137100A1C1B4 /* AppDelegate.swift in Sources */,
				9E93273425892865004181E1 /* LoadingCell.swift in Sources */,
				C7421833255D50D100557BE2 /* PointOfInterestViewController.swift in Sources */,
				9E9EF11C2542137100A1C1B4 /* SceneDelegate.swift in Sources */,
			);
			runOnlyForDeploymentPostprocessing = 0;
		};
		C74EB436252A2DD700CAC644 /* Sources */ = {
			isa = PBXSourcesBuildPhase;
			buildActionMask = 2147483647;
			files = (
			);
			runOnlyForDeploymentPostprocessing = 0;
		};
		C74EB441252A2DD700CAC644 /* Sources */ = {
			isa = PBXSourcesBuildPhase;
			buildActionMask = 2147483647;
			files = (
			);
			runOnlyForDeploymentPostprocessing = 0;
		};
/* End PBXSourcesBuildPhase section */

/* Begin PBXTargetDependency section */
		C74EB43C252A2DD700CAC644 /* PBXTargetDependency */ = {
			isa = PBXTargetDependency;
			target = C74EB423252A2DD600CAC644 /* nature-logger */;
			targetProxy = C74EB43B252A2DD700CAC644 /* PBXContainerItemProxy */;
		};
		C74EB447252A2DD700CAC644 /* PBXTargetDependency */ = {
			isa = PBXTargetDependency;
			target = C74EB423252A2DD600CAC644 /* nature-logger */;
			targetProxy = C74EB446252A2DD700CAC644 /* PBXContainerItemProxy */;
		};
/* End PBXTargetDependency section */

/* Begin PBXVariantGroup section */
		9E9EF1252542138500A1C1B4 /* LaunchScreen.storyboard */ = {
			isa = PBXVariantGroup;
			children = (
				9E9EF1262542138500A1C1B4 /* Base */,
			);
			name = LaunchScreen.storyboard;
			sourceTree = "<group>";
		};
		9E9EF1272542138500A1C1B4 /* Main.storyboard */ = {
			isa = PBXVariantGroup;
			children = (
				9E9EF1282542138500A1C1B4 /* Base */,
			);
			name = Main.storyboard;
			sourceTree = "<group>";
		};
/* End PBXVariantGroup section */

/* Begin XCBuildConfiguration section */
		C74EB44C252A2DD700CAC644 /* Debug */ = {
			isa = XCBuildConfiguration;
			buildSettings = {
				ALWAYS_SEARCH_USER_PATHS = NO;
				CLANG_ANALYZER_NONNULL = YES;
				CLANG_ANALYZER_NUMBER_OBJECT_CONVERSION = YES_AGGRESSIVE;
				CLANG_CXX_LANGUAGE_STANDARD = "gnu++14";
				CLANG_CXX_LIBRARY = "libc++";
				CLANG_ENABLE_MODULES = YES;
				CLANG_ENABLE_OBJC_ARC = YES;
				CLANG_ENABLE_OBJC_WEAK = YES;
				CLANG_WARN_BLOCK_CAPTURE_AUTORELEASING = YES;
				CLANG_WARN_BOOL_CONVERSION = YES;
				CLANG_WARN_COMMA = YES;
				CLANG_WARN_CONSTANT_CONVERSION = YES;
				CLANG_WARN_DEPRECATED_OBJC_IMPLEMENTATIONS = YES;
				CLANG_WARN_DIRECT_OBJC_ISA_USAGE = YES_ERROR;
				CLANG_WARN_DOCUMENTATION_COMMENTS = YES;
				CLANG_WARN_EMPTY_BODY = YES;
				CLANG_WARN_ENUM_CONVERSION = YES;
				CLANG_WARN_INFINITE_RECURSION = YES;
				CLANG_WARN_INT_CONVERSION = YES;
				CLANG_WARN_NON_LITERAL_NULL_CONVERSION = YES;
				CLANG_WARN_OBJC_IMPLICIT_RETAIN_SELF = YES;
				CLANG_WARN_OBJC_LITERAL_CONVERSION = YES;
				CLANG_WARN_OBJC_ROOT_CLASS = YES_ERROR;
				CLANG_WARN_QUOTED_INCLUDE_IN_FRAMEWORK_HEADER = YES;
				CLANG_WARN_RANGE_LOOP_ANALYSIS = YES;
				CLANG_WARN_STRICT_PROTOTYPES = YES;
				CLANG_WARN_SUSPICIOUS_MOVE = YES;
				CLANG_WARN_UNGUARDED_AVAILABILITY = YES_AGGRESSIVE;
				CLANG_WARN_UNREACHABLE_CODE = YES;
				CLANG_WARN__DUPLICATE_METHOD_MATCH = YES;
				COPY_PHASE_STRIP = NO;
				DEBUG_INFORMATION_FORMAT = dwarf;
				ENABLE_STRICT_OBJC_MSGSEND = YES;
				ENABLE_TESTABILITY = YES;
				GCC_C_LANGUAGE_STANDARD = gnu11;
				GCC_DYNAMIC_NO_PIC = NO;
				GCC_NO_COMMON_BLOCKS = YES;
				GCC_OPTIMIZATION_LEVEL = 0;
				GCC_PREPROCESSOR_DEFINITIONS = (
					"DEBUG=1",
					"$(inherited)",
				);
				GCC_WARN_64_TO_32_BIT_CONVERSION = YES;
				GCC_WARN_ABOUT_RETURN_TYPE = YES_ERROR;
				GCC_WARN_UNDECLARED_SELECTOR = YES;
				GCC_WARN_UNINITIALIZED_AUTOS = YES_AGGRESSIVE;
				GCC_WARN_UNUSED_FUNCTION = YES;
				GCC_WARN_UNUSED_VARIABLE = YES;
				IPHONEOS_DEPLOYMENT_TARGET = 13.7;
				MTL_ENABLE_DEBUG_INFO = INCLUDE_SOURCE;
				MTL_FAST_MATH = YES;
				ONLY_ACTIVE_ARCH = YES;
				SDKROOT = iphoneos;
				SWIFT_ACTIVE_COMPILATION_CONDITIONS = DEBUG;
				SWIFT_OPTIMIZATION_LEVEL = "-Onone";
			};
			name = Debug;
		};
		C74EB44D252A2DD700CAC644 /* Release */ = {
			isa = XCBuildConfiguration;
			buildSettings = {
				ALWAYS_SEARCH_USER_PATHS = NO;
				CLANG_ANALYZER_NONNULL = YES;
				CLANG_ANALYZER_NUMBER_OBJECT_CONVERSION = YES_AGGRESSIVE;
				CLANG_CXX_LANGUAGE_STANDARD = "gnu++14";
				CLANG_CXX_LIBRARY = "libc++";
				CLANG_ENABLE_MODULES = YES;
				CLANG_ENABLE_OBJC_ARC = YES;
				CLANG_ENABLE_OBJC_WEAK = YES;
				CLANG_WARN_BLOCK_CAPTURE_AUTORELEASING = YES;
				CLANG_WARN_BOOL_CONVERSION = YES;
				CLANG_WARN_COMMA = YES;
				CLANG_WARN_CONSTANT_CONVERSION = YES;
				CLANG_WARN_DEPRECATED_OBJC_IMPLEMENTATIONS = YES;
				CLANG_WARN_DIRECT_OBJC_ISA_USAGE = YES_ERROR;
				CLANG_WARN_DOCUMENTATION_COMMENTS = YES;
				CLANG_WARN_EMPTY_BODY = YES;
				CLANG_WARN_ENUM_CONVERSION = YES;
				CLANG_WARN_INFINITE_RECURSION = YES;
				CLANG_WARN_INT_CONVERSION = YES;
				CLANG_WARN_NON_LITERAL_NULL_CONVERSION = YES;
				CLANG_WARN_OBJC_IMPLICIT_RETAIN_SELF = YES;
				CLANG_WARN_OBJC_LITERAL_CONVERSION = YES;
				CLANG_WARN_OBJC_ROOT_CLASS = YES_ERROR;
				CLANG_WARN_QUOTED_INCLUDE_IN_FRAMEWORK_HEADER = YES;
				CLANG_WARN_RANGE_LOOP_ANALYSIS = YES;
				CLANG_WARN_STRICT_PROTOTYPES = YES;
				CLANG_WARN_SUSPICIOUS_MOVE = YES;
				CLANG_WARN_UNGUARDED_AVAILABILITY = YES_AGGRESSIVE;
				CLANG_WARN_UNREACHABLE_CODE = YES;
				CLANG_WARN__DUPLICATE_METHOD_MATCH = YES;
				COPY_PHASE_STRIP = NO;
				DEBUG_INFORMATION_FORMAT = "dwarf-with-dsym";
				ENABLE_NS_ASSERTIONS = NO;
				ENABLE_STRICT_OBJC_MSGSEND = YES;
				GCC_C_LANGUAGE_STANDARD = gnu11;
				GCC_NO_COMMON_BLOCKS = YES;
				GCC_WARN_64_TO_32_BIT_CONVERSION = YES;
				GCC_WARN_ABOUT_RETURN_TYPE = YES_ERROR;
				GCC_WARN_UNDECLARED_SELECTOR = YES;
				GCC_WARN_UNINITIALIZED_AUTOS = YES_AGGRESSIVE;
				GCC_WARN_UNUSED_FUNCTION = YES;
				GCC_WARN_UNUSED_VARIABLE = YES;
				IPHONEOS_DEPLOYMENT_TARGET = 13.7;
				MTL_ENABLE_DEBUG_INFO = NO;
				MTL_FAST_MATH = YES;
				SDKROOT = iphoneos;
				SWIFT_COMPILATION_MODE = wholemodule;
				SWIFT_OPTIMIZATION_LEVEL = "-O";
				VALIDATE_PRODUCT = YES;
			};
			name = Release;
		};
		C74EB44F252A2DD700CAC644 /* Debug */ = {
			isa = XCBuildConfiguration;
			buildSettings = {
				ASSETCATALOG_COMPILER_APPICON_NAME = AppIcon;
				CODE_SIGN_STYLE = Automatic;
				DEVELOPMENT_TEAM = 6TV5MC6BN6;
				INFOPLIST_FILE = "nature-logger/Info.plist";
				LD_RUNPATH_SEARCH_PATHS = (
					"$(inherited)",
					"@executable_path/Frameworks",
				);
				PRODUCT_BUNDLE_IDENTIFIER = "SDU.nature-logger";
				PRODUCT_NAME = "$(TARGET_NAME)";
				SWIFT_VERSION = 5.0;
				TARGETED_DEVICE_FAMILY = "1,2";
			};
			name = Debug;
		};
		C74EB450252A2DD700CAC644 /* Release */ = {
			isa = XCBuildConfiguration;
			buildSettings = {
				ASSETCATALOG_COMPILER_APPICON_NAME = AppIcon;
				CODE_SIGN_STYLE = Automatic;
				DEVELOPMENT_TEAM = 6TV5MC6BN6;
				INFOPLIST_FILE = "nature-logger/Info.plist";
				LD_RUNPATH_SEARCH_PATHS = (
					"$(inherited)",
					"@executable_path/Frameworks",
				);
				PRODUCT_BUNDLE_IDENTIFIER = "SDU.nature-logger";
				PRODUCT_NAME = "$(TARGET_NAME)";
				SWIFT_VERSION = 5.0;
				TARGETED_DEVICE_FAMILY = "1,2";
			};
			name = Release;
		};
		C74EB452252A2DD700CAC644 /* Debug */ = {
			isa = XCBuildConfiguration;
			buildSettings = {
				ALWAYS_EMBED_SWIFT_STANDARD_LIBRARIES = YES;
				BUNDLE_LOADER = "$(TEST_HOST)";
				CODE_SIGN_STYLE = Automatic;
				DEVELOPMENT_TEAM = 6TV5MC6BN6;
				INFOPLIST_FILE = "nature-loggerTests/Info.plist";
				IPHONEOS_DEPLOYMENT_TARGET = 13.7;
				LD_RUNPATH_SEARCH_PATHS = (
					"$(inherited)",
					"@executable_path/Frameworks",
					"@loader_path/Frameworks",
				);
				PRODUCT_BUNDLE_IDENTIFIER = "SDU.nature-loggerTests";
				PRODUCT_NAME = "$(TARGET_NAME)";
				SWIFT_VERSION = 5.0;
				TARGETED_DEVICE_FAMILY = "1,2";
				TEST_HOST = "$(BUILT_PRODUCTS_DIR)/nature-logger.app/nature-logger";
			};
			name = Debug;
		};
		C74EB453252A2DD700CAC644 /* Release */ = {
			isa = XCBuildConfiguration;
			buildSettings = {
				ALWAYS_EMBED_SWIFT_STANDARD_LIBRARIES = YES;
				BUNDLE_LOADER = "$(TEST_HOST)";
				CODE_SIGN_STYLE = Automatic;
				DEVELOPMENT_TEAM = 6TV5MC6BN6;
				INFOPLIST_FILE = "nature-loggerTests/Info.plist";
				IPHONEOS_DEPLOYMENT_TARGET = 13.7;
				LD_RUNPATH_SEARCH_PATHS = (
					"$(inherited)",
					"@executable_path/Frameworks",
					"@loader_path/Frameworks",
				);
				PRODUCT_BUNDLE_IDENTIFIER = "SDU.nature-loggerTests";
				PRODUCT_NAME = "$(TARGET_NAME)";
				SWIFT_VERSION = 5.0;
				TARGETED_DEVICE_FAMILY = "1,2";
				TEST_HOST = "$(BUILT_PRODUCTS_DIR)/nature-logger.app/nature-logger";
			};
			name = Release;
		};
		C74EB455252A2DD700CAC644 /* Debug */ = {
			isa = XCBuildConfiguration;
			buildSettings = {
				ALWAYS_EMBED_SWIFT_STANDARD_LIBRARIES = YES;
				CODE_SIGN_STYLE = Automatic;
				DEVELOPMENT_TEAM = 6TV5MC6BN6;
				INFOPLIST_FILE = "nature-loggerUITests/Info.plist";
				LD_RUNPATH_SEARCH_PATHS = (
					"$(inherited)",
					"@executable_path/Frameworks",
					"@loader_path/Frameworks",
				);
				PRODUCT_BUNDLE_IDENTIFIER = "SDU.nature-loggerUITests";
				PRODUCT_NAME = "$(TARGET_NAME)";
				SWIFT_VERSION = 5.0;
				TARGETED_DEVICE_FAMILY = "1,2";
				TEST_TARGET_NAME = "nature-logger";
			};
			name = Debug;
		};
		C74EB456252A2DD700CAC644 /* Release */ = {
			isa = XCBuildConfiguration;
			buildSettings = {
				ALWAYS_EMBED_SWIFT_STANDARD_LIBRARIES = YES;
				CODE_SIGN_STYLE = Automatic;
				DEVELOPMENT_TEAM = 6TV5MC6BN6;
				INFOPLIST_FILE = "nature-loggerUITests/Info.plist";
				LD_RUNPATH_SEARCH_PATHS = (
					"$(inherited)",
					"@executable_path/Frameworks",
					"@loader_path/Frameworks",
				);
				PRODUCT_BUNDLE_IDENTIFIER = "SDU.nature-loggerUITests";
				PRODUCT_NAME = "$(TARGET_NAME)";
				SWIFT_VERSION = 5.0;
				TARGETED_DEVICE_FAMILY = "1,2";
				TEST_TARGET_NAME = "nature-logger";
			};
			name = Release;
		};
/* End XCBuildConfiguration section */

/* Begin XCConfigurationList section */
		C74EB41F252A2DD600CAC644 /* Build configuration list for PBXProject "nature-logger" */ = {
			isa = XCConfigurationList;
			buildConfigurations = (
				C74EB44C252A2DD700CAC644 /* Debug */,
				C74EB44D252A2DD700CAC644 /* Release */,
			);
			defaultConfigurationIsVisible = 0;
			defaultConfigurationName = Release;
		};
		C74EB44E252A2DD700CAC644 /* Build configuration list for PBXNativeTarget "nature-logger" */ = {
			isa = XCConfigurationList;
			buildConfigurations = (
				C74EB44F252A2DD700CAC644 /* Debug */,
				C74EB450252A2DD700CAC644 /* Release */,
			);
			defaultConfigurationIsVisible = 0;
			defaultConfigurationName = Release;
		};
		C74EB451252A2DD700CAC644 /* Build configuration list for PBXNativeTarget "nature-loggerTests" */ = {
			isa = XCConfigurationList;
			buildConfigurations = (
				C74EB452252A2DD700CAC644 /* Debug */,
				C74EB453252A2DD700CAC644 /* Release */,
			);
			defaultConfigurationIsVisible = 0;
			defaultConfigurationName = Release;
		};
		C74EB454252A2DD700CAC644 /* Build configuration list for PBXNativeTarget "nature-loggerUITests" */ = {
			isa = XCConfigurationList;
			buildConfigurations = (
				C74EB455252A2DD700CAC644 /* Debug */,
				C74EB456252A2DD700CAC644 /* Release */,
			);
			defaultConfigurationIsVisible = 0;
			defaultConfigurationName = Release;
		};
/* End XCConfigurationList section */
	};
	rootObject = C74EB41C252A2DD600CAC644 /* Project object */;
}
